
Microsoft Visual Studio Solution File, Format Version 12.00
# Visual Studio 2012
Project("{FAE04EC0-301F-11D3-BF4B-00C04F79EFBC}") = "MousePixelColor", "MousePixelColor\MousePixelColor.csproj", "{EB6C5414-5188-4419-9985-115DB176BC74}"
EndProject
Global
	GlobalSection(SolutionConfigurationPlatforms) = preSolution
		Debug|Any CPU = Debug|Any CPU
		Release|Any CPU = Release|Any CPU
	EndGlobalSection
	GlobalSection(ProjectConfigurationPlatforms) = postSolution
		{EB6C5414-5188-4419-9985-115DB176BC74}.Debug|Any CPU.ActiveCfg = Debug|Any CPU
		{EB6C5414-5188-4419-9985-115DB176BC74}.Debug|Any CPU.Build.0 = Debug|Any CPU
		{EB6C5414-5188-4419-9985-115DB176BC74}.Release|Any CPU.ActiveCfg = Release|Any CPU
		{EB6C5414-5188-4419-9985-115DB176BC74}.Release|Any CPU.Build.0 = Release|Any CPU
	EndGlobalSection
	GlobalSection(SolutionProperties) = preSolution
		HideSolutionNode = FALSE
	EndGlobalSection
EndGlobal
